
Microsoft Visual Studio Solution File, Format Version 12.00
# Visual Studio Version 16
VisualStudioVersion = 16.0.31205.134
MinimumVisualStudioVersion = 10.0.40219.1
Project("{FAE04EC0-301F-11D3-BF4B-00C04F79EFBC}") = "TestLCRTiming", "TestLCRTiming\TestLCRTiming.csproj", "{EA42897C-0D4B-4C1C-A8AA-C7B8B33A98D4}"
EndProject
Global
	GlobalSection(SolutionConfigurationPlatforms) = preSolution
		Debug|Any CPU = Debug|Any CPU
		Release|Any CPU = Release|Any CPU
	EndGlobalSection
	GlobalSection(ProjectConfigurationPlatforms) = postSolution
		{EA42897C-0D4B-4C1C-A8AA-C7B8B33A98D4}.Debug|Any CPU.ActiveCfg = Debug|Any CPU
		{EA42897C-0D4B-4C1C-A8AA-C7B8B33A98D4}.Debug|Any CPU.Build.0 = Debug|Any CPU
		{EA42897C-0D4B-4C1C-A8AA-C7B8B33A98D4}.Release|Any CPU.ActiveCfg = Release|Any CPU
		{EA42897C-0D4B-4C1C-A8AA-C7B8B33A98D4}.Release|Any CPU.Build.0 = Release|Any CPU
	EndGlobalSection
	GlobalSection(SolutionProperties) = preSolution
		HideSolutionNode = FALSE
	EndGlobalSection
	GlobalSection(ExtensibilityGlobals) = postSolution
		SolutionGuid = {0EF7903E-56F7-4B34-8D25-602E16F9AA86}
	EndGlobalSection
EndGlobal
